// !$*UTF8*$!
{
	archiveVersion = 1;
	classes = {
	};
	objectVersion = 77;
	objects = {

/* Begin PBXBuildFile section */
		47AF1676D6F59FB37A23C336 /* PixelToAsciiUI in Frameworks */ = {isa = PBXBuildFile; productRef = A85F00B1A0E0027A875FBAAA /* PixelToAsciiUI */; };
		5B235A2F8FBB6381822F9979 /* PixelToAsciiConsoleApp.swift in Sources */ = {isa = PBXBuildFile; fileRef = 13007DCA4B5D63B9C6AFE2DA /* PixelToAsciiConsoleApp.swift */; };
/* End PBXBuildFile section */

/* Begin PBXFileReference section */
		13007DCA4B5D63B9C6AFE2DA /* PixelToAsciiConsoleApp.swift */ = {isa = PBXFileReference; lastKnownFileType = sourcecode.swift; path = PixelToAsciiConsoleApp.swift; sourceTree = "<group>"; };
		173002BAFDDBF7AFB23451C8 /* PixelToAsciiConsole.app */ = {isa = PBXFileReference; explicitFileType = wrapper.application; includeInIndex = 0; path = PixelToAsciiConsole.app; sourceTree = BUILT_PRODUCTS_DIR; };
		DA5B1CF471BF7DCBBBA01ED2 /* PixelToAscii */ = {isa = PBXFileReference; lastKnownFileType = folder; name = PixelToAscii; path = ../PixelToAscii; sourceTree = SOURCE_ROOT; };
/* End PBXFileReference section */

/* Begin PBXFrameworksBuildPhase section */
		1DE414A01845395456112869 /* Frameworks */ = {
			isa = PBXFrameworksBuildPhase;
			buildActionMask = 2147483647;
			files = (
				47AF1676D6F59FB37A23C336 /* PixelToAsciiUI in Frameworks */,
			);
			runOnlyForDeploymentPostprocessing = 0;
		};
/* End PBXFrameworksBuildPhase section */

/* Begin PBXGroup section */
		111C105A35BC490AFFE142FA /* Sources */ = {
			isa = PBXGroup;
			children = (
				6858586DF1F77C7608CF6245 /* PixelToAsciiConsoleApp */,
			);
			path = Sources;
			sourceTree = "<group>";
		};
		6858586DF1F77C7608CF6245 /* PixelToAsciiConsoleApp */ = {
			isa = PBXGroup;
			children = (
				13007DCA4B5D63B9C6AFE2DA /* PixelToAsciiConsoleApp.swift */,
			);
			path = PixelToAsciiConsoleApp;
			sourceTree = "<group>";
		};
		9349C5DB513F0A8220384CB4 /* Products */ = {
			isa = PBXGroup;
			children = (
				173002BAFDDBF7AFB23451C8 /* PixelToAsciiConsole.app */,
			);
			name = Products;
			sourceTree = "<group>";
		};
		DB6A8A1CED8B26720E4757CC /* Packages */ = {
			isa = PBXGroup;
			children = (
				DA5B1CF471BF7DCBBBA01ED2 /* PixelToAscii */,
			);
			name = Packages;
			sourceTree = "<group>";
		};
		E650D5D7611828FF2C6C1078 = {
			isa = PBXGroup;
			children = (
				DB6A8A1CED8B26720E4757CC /* Packages */,
				111C105A35BC490AFFE142FA /* Sources */,
				9349C5DB513F0A8220384CB4 /* Products */,
			);
			sourceTree = "<group>";
		};
/* End PBXGroup section */

/* Begin PBXNativeTarget section */
		7B419C6B2A9694CB86AB691D /* PixelToAsciiConsole */ = {
			isa = PBXNativeTarget;
			buildConfigurationList = 2665A5253DC845E12DA0DF1B /* Build configuration list for PBXNativeTarget "PixelToAsciiConsole" */;
			buildPhases = (
				CBFE843E8807C5F393E7E3B1 /* Sources */,
				1DE414A01845395456112869 /* Frameworks */,
			);
			buildRules = (
			);
			dependencies = (
			);
			name = PixelToAsciiConsole;
			packageProductDependencies = (
				A85F00B1A0E0027A875FBAAA /* PixelToAsciiUI */,
			);
			productName = PixelToAsciiConsole;
			productReference = 173002BAFDDBF7AFB23451C8 /* PixelToAsciiConsole.app */;
			productType = "com.apple.product-type.application";
		};
/* End PBXNativeTarget section */

/* Begin PBXProject section */
		3AEA1B43D7BF0A720E412AFE /* Project object */ = {
			isa = PBXProject;
			attributes = {
				BuildIndependentTargetsInParallel = YES;
				LastUpgradeCheck = 1430;
			};
			buildConfigurationList = 9474F81503DAFE06CDFCDD9B /* Build configuration list for PBXProject "PixelToAsciiConsole" */;
			compatibilityVersion = "Xcode 14.0";
			developmentRegion = en;
			hasScannedForEncodings = 0;
			knownRegions = (
				Base,
				en,
			);
			mainGroup = E650D5D7611828FF2C6C1078;
			minimizedProjectReferenceProxies = 1;
			packageReferences = (
				8B68CEB0BFF9E17B43016C75 /* XCLocalSwiftPackageReference "../PixelToAscii" */,
			);
			preferredProjectObjectVersion = 77;
			projectDirPath = "";
			projectRoot = "";
			targets = (
				7B419C6B2A9694CB86AB691D /* PixelToAsciiConsole */,
			);
		};
/* End PBXProject section */

/* Begin PBXSourcesBuildPhase section */
		CBFE843E8807C5F393E7E3B1 /* Sources */ = {
			isa = PBXSourcesBuildPhase;
			buildActionMask = 2147483647;
			files = (
				5B235A2F8FBB6381822F9979 /* PixelToAsciiConsoleApp.swift in Sources */,
			);
			runOnlyForDeploymentPostprocessing = 0;
		};
/* End PBXSourcesBuildPhase section */

/* Begin XCBuildConfiguration section */
		3C4A98B5A70F7168C87E2AE5 /* Debug */ = {
			isa = XCBuildConfiguration;
			buildSettings = {
				ASSETCATALOG_COMPILER_APPICON_NAME = AppIcon;
				COMBINE_HIDPI_IMAGES = YES;
				LD_RUNPATH_SEARCH_PATHS = (
					"$(inherited)",
					"@executable_path/../Frameworks",
				);
				MACOSX_DEPLOYMENT_TARGET = 14.0;
				SDKROOT = macosx;
			};
			name = Debug;
		};
		463BB73A5655295A51FCC7FD /* Release */ = {
			isa = XCBuildConfiguration;
			buildSettings = {
				ASSETCATALOG_COMPILER_APPICON_NAME = AppIcon;
				COMBINE_HIDPI_IMAGES = YES;
				LD_RUNPATH_SEARCH_PATHS = (
					"$(inherited)",
					"@executable_path/../Frameworks",
				);
				MACOSX_DEPLOYMENT_TARGET = 14.0;
				SDKROOT = macosx;
			};
			name = Release;
		};
		647CD0B86F92A3082B48B181 /* Release */ = {
			isa = XCBuildConfiguration;
			buildSettings = {
				ALWAYS_SEARCH_USER_PATHS = NO;
				CLANG_ANALYZER_NONNULL = YES;
				CLANG_ANALYZER_NUMBER_OBJECT_CONVERSION = YES_AGGRESSIVE;
				CLANG_CXX_LANGUAGE_STANDARD = "gnu++14";
				CLANG_CXX_LIBRARY = "libc++";
				CLANG_ENABLE_MODULES = YES;
				CLANG_ENABLE_OBJC_ARC = YES;
				CLANG_ENABLE_OBJC_WEAK = YES;
				CLANG_WARN_BLOCK_CAPTURE_AUTORELEASING = YES;
				CLANG_WARN_BOOL_CONVERSION = YES;
				CLANG_WARN_COMMA = YES;
				CLANG_WARN_CONSTANT_CONVERSION = YES;
				CLANG_WARN_DEPRECATED_OBJC_IMPLEMENTATIONS = YES;
				CLANG_WARN_DIRECT_OBJC_ISA_USAGE = YES_ERROR;
				CLANG_WARN_DOCUMENTATION_COMMENTS = YES;
				CLANG_WARN_EMPTY_BODY = YES;
				CLANG_WARN_ENUM_CONVERSION = YES;
				CLANG_WARN_INFINITE_RECURSION = YES;
				CLANG_WARN_INT_CONVERSION = YES;
				CLANG_WARN_NON_LITERAL_NULL_CONVERSION = YES;
				CLANG_WARN_OBJC_IMPLICIT_RETAIN_SELF = YES;
				CLANG_WARN_OBJC_LITERAL_CONVERSION = YES;
				CLANG_WARN_OBJC_ROOT_CLASS = YES_ERROR;
				CLANG_WARN_QUOTED_INCLUDE_IN_FRAMEWORK_HEADER = YES;
				CLANG_WARN_RANGE_LOOP_ANALYSIS = YES;
				CLANG_WARN_STRICT_PROTOTYPES = YES;
				CLANG_WARN_SUSPICIOUS_MOVE = YES;
				CLANG_WARN_UNGUARDED_AVAILABILITY = YES_AGGRESSIVE;
				CLANG_WARN_UNREACHABLE_CODE = YES;
				CLANG_WARN__DUPLICATE_METHOD_MATCH = YES;
				CODE_SIGNING_ALLOWED = NO;
				COPY_PHASE_STRIP = NO;
				DEBUG_INFORMATION_FORMAT = "dwarf-with-dsym";
				ENABLE_NS_ASSERTIONS = NO;
				ENABLE_STRICT_OBJC_MSGSEND = YES;
				GCC_C_LANGUAGE_STANDARD = gnu11;
				GCC_NO_COMMON_BLOCKS = YES;
				GCC_WARN_64_TO_32_BIT_CONVERSION = YES;
				GCC_WARN_ABOUT_RETURN_TYPE = YES_ERROR;
				GCC_WARN_UNDECLARED_SELECTOR = YES;
				GCC_WARN_UNINITIALIZED_AUTOS = YES_AGGRESSIVE;
				GCC_WARN_UNUSED_FUNCTION = YES;
				GCC_WARN_UNUSED_VARIABLE = YES;
				GENERATE_INFOPLIST_FILE = YES;
				MACOSX_DEPLOYMENT_TARGET = 14.0;
				MTL_ENABLE_DEBUG_INFO = NO;
				MTL_FAST_MATH = YES;
				PRODUCT_BUNDLE_IDENTIFIER = studio.flowdeck.PixelToAsciiConsole;
				PRODUCT_NAME = PixelToAsciiConsole;
				SDKROOT = macosx;
				SWIFT_COMPILATION_MODE = wholemodule;
				SWIFT_OPTIMIZATION_LEVEL = "-O";
				SWIFT_VERSION = 5.9;
			};
			name = Release;
		};
		82373876B8E0836C5E8F8993 /* Debug */ = {
			isa = XCBuildConfiguration;
			buildSettings = {
				ALWAYS_SEARCH_USER_PATHS = NO;
				CLANG_ANALYZER_NONNULL = YES;
				CLANG_ANALYZER_NUMBER_OBJECT_CONVERSION = YES_AGGRESSIVE;
				CLANG_CXX_LANGUAGE_STANDARD = "gnu++14";
				CLANG_CXX_LIBRARY = "libc++";
				CLANG_ENABLE_MODULES = YES;
				CLANG_ENABLE_OBJC_ARC = YES;
				CLANG_ENABLE_OBJC_WEAK = YES;
				CLANG_WARN_BLOCK_CAPTURE_AUTORELEASING = YES;
				CLANG_WARN_BOOL_CONVERSION = YES;
				CLANG_WARN_COMMA = YES;
				CLANG_WARN_CONSTANT_CONVERSION = YES;
				CLANG_WARN_DEPRECATED_OBJC_IMPLEMENTATIONS = YES;
				CLANG_WARN_DIRECT_OBJC_ISA_USAGE = YES_ERROR;
				CLANG_WARN_DOCUMENTATION_COMMENTS = YES;
				CLANG_WARN_EMPTY_BODY = YES;
				CLANG_WARN_ENUM_CONVERSION = YES;
				CLANG_WARN_INFINITE_RECURSION = YES;
				CLANG_WARN_INT_CONVERSION = YES;
				CLANG_WARN_NON_LITERAL_NULL_CONVERSION = YES;
				CLANG_WARN_OBJC_IMPLICIT_RETAIN_SELF = YES;
				CLANG_WARN_OBJC_LITERAL_CONVERSION = YES;
				CLANG_WARN_OBJC_ROOT_CLASS = YES_ERROR;
				CLANG_WARN_QUOTED_INCLUDE_IN_FRAMEWORK_HEADER = YES;
				CLANG_WARN_RANGE_LOOP_ANALYSIS = YES;
				CLANG_WARN_STRICT_PROTOTYPES = YES;
				CLANG_WARN_SUSPICIOUS_MOVE = YES;
				CLANG_WARN_UNGUARDED_AVAILABILITY = YES_AGGRESSIVE;
				CLANG_WARN_UNREACHABLE_CODE = YES;
				CLANG_WARN__DUPLICATE_METHOD_MATCH = YES;
				CODE_SIGNING_ALLOWED = NO;
				COPY_PHASE_STRIP = NO;
				DEBUG_INFORMATION_FORMAT = dwarf;
				ENABLE_STRICT_OBJC_MSGSEND = YES;
				ENABLE_TESTABILITY = YES;
				GCC_C_LANGUAGE_STANDARD = gnu11;
				GCC_DYNAMIC_NO_PIC = NO;
				GCC_NO_COMMON_BLOCKS = YES;
				GCC_OPTIMIZATION_LEVEL = 0;
				GCC_PREPROCESSOR_DEFINITIONS = (
					"$(inherited)",
					"DEBUG=1",
				);
				GCC_WARN_64_TO_32_BIT_CONVERSION = YES;
				GCC_WARN_ABOUT_RETURN_TYPE = YES_ERROR;
				GCC_WARN_UNDECLARED_SELECTOR = YES;
				GCC_WARN_UNINITIALIZED_AUTOS = YES_AGGRESSIVE;
				GCC_WARN_UNUSED_FUNCTION = YES;
				GCC_WARN_UNUSED_VARIABLE = YES;
				GENERATE_INFOPLIST_FILE = YES;
				MACOSX_DEPLOYMENT_TARGET = 14.0;
				MTL_ENABLE_DEBUG_INFO = INCLUDE_SOURCE;
				MTL_FAST_MATH = YES;
				ONLY_ACTIVE_ARCH = YES;
				PRODUCT_BUNDLE_IDENTIFIER = studio.flowdeck.PixelToAsciiConsole;
				PRODUCT_NAME = PixelToAsciiConsole;
				SDKROOT = macosx;
				SWIFT_ACTIVE_COMPILATION_CONDITIONS = DEBUG;
				SWIFT_OPTIMIZATION_LEVEL = "-Onone";
				SWIFT_VERSION = 5.9;
			};
			name = Debug;
		};
/* End XCBuildConfiguration section */

/* Begin XCConfigurationList section */
		2665A5253DC845E12DA0DF1B /* Build configuration list for PBXNativeTarget "PixelToAsciiConsole" */ = {
			isa = XCConfigurationList;
			buildConfigurations = (
				3C4A98B5A70F7168C87E2AE5 /* Debug */,
				463BB73A5655295A51FCC7FD /* Release */,
			);
			defaultConfigurationIsVisible = 0;
			defaultConfigurationName = Debug;
		};
		9474F81503DAFE06CDFCDD9B /* Build configuration list for PBXProject "PixelToAsciiConsole" */ = {
			isa = XCConfigurationList;
			buildConfigurations = (
				82373876B8E0836C5E8F8993 /* Debug */,
				647CD0B86F92A3082B48B181 /* Release */,
			);
			defaultConfigurationIsVisible = 0;
			defaultConfigurationName = Debug;
		};
/* End XCConfigurationList section */

/* Begin XCLocalSwiftPackageReference section */
		8B68CEB0BFF9E17B43016C75 /* XCLocalSwiftPackageReference "../PixelToAscii" */ = {
			isa = XCLocalSwiftPackageReference;
			relativePath = ../PixelToAscii;
		};
/* End XCLocalSwiftPackageReference section */

/* Begin XCSwiftPackageProductDependency section */
		A85F00B1A0E0027A875FBAAA /* PixelToAsciiUI */ = {
			isa = XCSwiftPackageProductDependency;
			productName = PixelToAsciiUI;
		};
/* End XCSwiftPackageProductDependency section */
	};
	rootObject = 3AEA1B43D7BF0A720E412AFE /* Project object */;
}
